
Microsoft Visual Studio Solution File, Format Version 12.00
# Visual Studio Version 16
VisualStudioVersion = 16.0.29920.165
MinimumVisualStudioVersion = 10.0.40219.1
Project("{9A19103F-16F7-4668-BE54-9A1E7A4F7556}") = "Philomena", "PhilomenaClient\Philomena.csproj", "{38066333-9A08-4F4A-8DCF-62BA9F34E2C2}"
EndProject
Global
	GlobalSection(SolutionConfigurationPlatforms) = preSolution
		Debug|Any CPU = Debug|Any CPU
		Release|Any CPU = Release|Any CPU
	EndGlobalSection
	GlobalSection(ProjectConfigurationPlatforms) = postSolution
		{38066333-9A08-4F4A-8DCF-62BA9F34E2C2}.Debug|Any CPU.ActiveCfg = Debug|Any CPU
		{38066333-9A08-4F4A-8DCF-62BA9F34E2C2}.Debug|Any CPU.Build.0 = Debug|Any CPU
		{38066333-9A08-4F4A-8DCF-62BA9F34E2C2}.Release|Any CPU.ActiveCfg = Release|Any CPU
		{38066333-9A08-4F4A-8DCF-62BA9F34E2C2}.Release|Any CPU.Build.0 = Release|Any CPU
	EndGlobalSection
	GlobalSection(SolutionProperties) = preSolution
		HideSolutionNode = FALSE
	EndGlobalSection
	GlobalSection(ExtensibilityGlobals) = postSolution
		SolutionGuid = {425F0CD1-D248-4885-B7F3-BA0416D386FD}
	EndGlobalSection
EndGlobal
